
Microsoft Visual Studio Solution File, Format Version 12.00
# Visual Studio Version 17
VisualStudioVersion = 17.6.33829.357
MinimumVisualStudioVersion = 10.0.40219.1
Project("{FAE04EC0-301F-11D3-BF4B-00C04F79EFBC}") = "Donguler", "Donguler\Donguler.csproj", "{EFD92A82-7699-4498-96A8-B0A6FD7BE12B}"
EndProject
Global
	GlobalSection(SolutionConfigurationPlatforms) = preSolution
		Debug|Any CPU = Debug|Any CPU
		Release|Any CPU = Release|Any CPU
	EndGlobalSection
	GlobalSection(ProjectConfigurationPlatforms) = postSolution
		{EFD92A82-7699-4498-96A8-B0A6FD7BE12B}.Debug|Any CPU.ActiveCfg = Debug|Any CPU
		{EFD92A82-7699-4498-96A8-B0A6FD7BE12B}.Debug|Any CPU.Build.0 = Debug|Any CPU
		{EFD92A82-7699-4498-96A8-B0A6FD7BE12B}.Release|Any CPU.ActiveCfg = Release|Any CPU
		{EFD92A82-7699-4498-96A8-B0A6FD7BE12B}.Release|Any CPU.Build.0 = Release|Any CPU
	EndGlobalSection
	GlobalSection(SolutionProperties) = preSolution
		HideSolutionNode = FALSE
	EndGlobalSection
	GlobalSection(ExtensibilityGlobals) = postSolution
		SolutionGuid = {03B611D1-F52A-4539-B887-98BA9701CAE4}
	EndGlobalSection
EndGlobal
